// !$*UTF8*$!
{
	archiveVersion = 1;
	classes = {
	};
	objectVersion = 48;
	objects = {

/* Begin PBXBuildFile section */
		1C5279BE1FD5BB2C0045051F /* historyModel.m in Sources */ = {isa = PBXBuildFile; fileRef = 1C5279BD1FD5BB2C0045051F /* historyModel.m */; };
		1C54C4621FD6FA32002BA883 /* icon-80x80.png in Resources */ = {isa = PBXBuildFile; fileRef = 1C54C4531FD6FA30002BA883 /* icon-80x80.png */; };
		1C54C4631FD6FA32002BA883 /* volume_normal.png in Resources */ = {isa = PBXBuildFile; fileRef = 1C54C4541FD6FA30002BA883 /* volume_normal.png */; };
		1C54C4641FD6FA32002BA883 /* icon-58x58.png in Resources */ = {isa = PBXBuildFile; fileRef = 1C54C4551FD6FA30002BA883 /* icon-58x58.png */; };
		1C54C4651FD6FA32002BA883 /* volume_top.png in Resources */ = {isa = PBXBuildFile; fileRef = 1C54C4561FD6FA30002BA883 /* volume_top.png */; };
		1C54C4661FD6FA32002BA883 /* launchImage-640x960.png in Resources */ = {isa = PBXBuildFile; fileRef = 1C54C4571FD6FA30002BA883 /* launchImage-640x960.png */; };
		1C54C4671FD6FA32002BA883 /* icon-60x60.png in Resources */ = {isa = PBXBuildFile; fileRef = 1C54C4581FD6FA31002BA883 /* icon-60x60.png */; };
		1C54C4681FD6FA32002BA883 /* icon-57x57.png in Resources */ = {isa = PBXBuildFile; fileRef = 1C54C4591FD6FA31002BA883 /* icon-57x57.png */; };
		1C54C4691FD6FA32002BA883 /* icon-114x114.png in Resources */ = {isa = PBXBuildFile; fileRef = 1C54C45A1FD6FA31002BA883 /* icon-114x114.png */; };
		1C54C46A1FD6FA32002BA883 /* launchImage-640x1136.png in Resources */ = {isa = PBXBuildFile; fileRef = 1C54C45B1FD6FA31002BA883 /* launchImage-640x1136.png */; };
		1C54C46B1FD6FA32002BA883 /* volume_bottom.png in Resources */ = {isa = PBXBuildFile; fileRef = 1C54C45C1FD6FA31002BA883 /* volume_bottom.png */; };
		1C54C46C1FD6FA32002BA883 /* icon-29x29.png in Resources */ = {isa = PBXBuildFile; fileRef = 1C54C45D1FD6FA31002BA883 /* icon-29x29.png */; };
		1C54C46D1FD6FA32002BA883 /* launchImage-320x480.png in Resources */ = {isa = PBXBuildFile; fileRef = 1C54C45E1FD6FA31002BA883 /* launchImage-320x480.png */; };
		1C54C46E1FD6FA32002BA883 /* icon-120x120.png in Resources */ = {isa = PBXBuildFile; fileRef = 1C54C45F1FD6FA32002BA883 /* icon-120x120.png */; };
		1C54C46F1FD6FA32002BA883 /* cup.png in Resources */ = {isa = PBXBuildFile; fileRef = 1C54C4601FD6FA32002BA883 /* cup.png */; };
		1C54C4701FD6FA32002BA883 /* icon-1024x1024.png in Resources */ = {isa = PBXBuildFile; fileRef = 1C54C4611FD6FA32002BA883 /* icon-1024x1024.png */; };
		1C54C47C1FD7059C002BA883 /* icons8-drinking-25.png in Resources */ = {isa = PBXBuildFile; fileRef = 1C54C4791FD70595002BA883 /* icons8-drinking-25.png */; };
		1C54C47D1FD7059C002BA883 /* icons8-alarm-clock-25.png in Resources */ = {isa = PBXBuildFile; fileRef = 1C54C47A1FD70596002BA883 /* icons8-alarm-clock-25.png */; };
		1C54C47E1FD7059C002BA883 /* icons8-order-history-25.png in Resources */ = {isa = PBXBuildFile; fileRef = 1C54C47B1FD7059A002BA883 /* icons8-order-history-25.png */; };
		1CB1636F1FD5D56500375224 /* water2.png in Resources */ = {isa = PBXBuildFile; fileRef = 1CB163661FD5D56300375224 /* water2.png */; };
		1CB163701FD5D56500375224 /* water7.png in Resources */ = {isa = PBXBuildFile; fileRef = 1CB163671FD5D56300375224 /* water7.png */; };
		1CB163711FD5D56500375224 /* water5.png in Resources */ = {isa = PBXBuildFile; fileRef = 1CB163681FD5D56400375224 /* water5.png */; };
		1CB163721FD5D56500375224 /* water8.png in Resources */ = {isa = PBXBuildFile; fileRef = 1CB163691FD5D56400375224 /* water8.png */; };
		1CB163731FD5D56500375224 /* water3.png in Resources */ = {isa = PBXBuildFile; fileRef = 1CB1636A1FD5D56400375224 /* water3.png */; };
		1CB163741FD5D56500375224 /* water4.png in Resources */ = {isa = PBXBuildFile; fileRef = 1CB1636B1FD5D56400375224 /* water4.png */; };
		1CB163751FD5D56500375224 /* water1.png in Resources */ = {isa = PBXBuildFile; fileRef = 1CB1636C1FD5D56400375224 /* water1.png */; };
		1CB163761FD5D56500375224 /* water6.png in Resources */ = {isa = PBXBuildFile; fileRef = 1CB1636D1FD5D56500375224 /* water6.png */; };
		1CB163851FD5D5A500375224 /* FMDatabaseQueue.m in Sources */ = {isa = PBXBuildFile; fileRef = 1CB1637B1FD5D5A500375224 /* FMDatabaseQueue.m */; };
		1CB163861FD5D5A500375224 /* FMDatabaseAdditions.m in Sources */ = {isa = PBXBuildFile; fileRef = 1CB1637E1FD5D5A500375224 /* FMDatabaseAdditions.m */; };
		1CB163871FD5D5A500375224 /* FMDatabase.m in Sources */ = {isa = PBXBuildFile; fileRef = 1CB1637F1FD5D5A500375224 /* FMDatabase.m */; };
		1CB163881FD5D5A500375224 /* FMDatabasePool.m in Sources */ = {isa = PBXBuildFile; fileRef = 1CB163831FD5D5A500375224 /* FMDatabasePool.m */; };
		1CB163891FD5D5A500375224 /* FMResultSet.m in Sources */ = {isa = PBXBuildFile; fileRef = 1CB163841FD5D5A500375224 /* FMResultSet.m */; };
		1CB1638D1FD5D5AE00375224 /* JQFMDB.m in Sources */ = {isa = PBXBuildFile; fileRef = 1CB1638B1FD5D5AE00375224 /* JQFMDB.m */; };
		1CB163A81FD5DDA800375224 /* DVXBarView.m in Sources */ = {isa = PBXBuildFile; fileRef = 1CB163A21FD5DDA800375224 /* DVXBarView.m */; };
		1CB163A91FD5DDA800375224 /* DVYBarView.m in Sources */ = {isa = PBXBuildFile; fileRef = 1CB163A31FD5DDA800375224 /* DVYBarView.m */; };
		1CB163AA1FD5DDA800375224 /* DVBarChartView.m in Sources */ = {isa = PBXBuildFile; fileRef = 1CB163A71FD5DDA800375224 /* DVBarChartView.m */; };
		1CB163AF1FD5DDB500375224 /* UIColor+Hex.m in Sources */ = {isa = PBXBuildFile; fileRef = 1CB163AC1FD5DDB400375224 /* UIColor+Hex.m */; };
		1CB163B01FD5DDB500375224 /* UIView+Extension.m in Sources */ = {isa = PBXBuildFile; fileRef = 1CB163AE1FD5DDB500375224 /* UIView+Extension.m */; };
		1CB163B31FD5DDFE00375224 /* historyViewController.m in Sources */ = {isa = PBXBuildFile; fileRef = 1CB163B21FD5DDFE00375224 /* historyViewController.m */; };
		1CB163B61FD6147C00375224 /* reminderViewController.m in Sources */ = {isa = PBXBuildFile; fileRef = 1CB163B51FD6147C00375224 /* reminderViewController.m */; };
		1CB163DC1FD614B800375224 /* IQTextView.m in Sources */ = {isa = PBXBuildFile; fileRef = 1CB163B91FD614B800375224 /* IQTextView.m */; };
		1CB163DD1FD614B800375224 /* IQToolbar.m in Sources */ = {isa = PBXBuildFile; fileRef = 1CB163BD1FD614B800375224 /* IQToolbar.m */; };
		1CB163DE1FD614B800375224 /* IQTitleBarButtonItem.m in Sources */ = {isa = PBXBuildFile; fileRef = 1CB163BF1FD614B800375224 /* IQTitleBarButtonItem.m */; };
		1CB163DF1FD614B800375224 /* IQBarButtonItem.m in Sources */ = {isa = PBXBuildFile; fileRef = 1CB163C01FD614B800375224 /* IQBarButtonItem.m */; };
		1CB163E01FD614B800375224 /* IQUIView+IQKeyboardToolbar.m in Sources */ = {isa = PBXBuildFile; fileRef = 1CB163C11FD614B800375224 /* IQUIView+IQKeyboardToolbar.m */; };
		1CB163E11FD614B800375224 /* IQPreviousNextView.m in Sources */ = {isa = PBXBuildFile; fileRef = 1CB163C21FD614B800375224 /* IQPreviousNextView.m */; };
		1CB163E21FD614B800375224 /* IQKeyboardManager.bundle in Resources */ = {isa = PBXBuildFile; fileRef = 1CB163CA1FD614B800375224 /* IQKeyboardManager.bundle */; };
		1CB163E31FD614B800375224 /* IQKeyboardManager.m in Sources */ = {isa = PBXBuildFile; fileRef = 1CB163CD1FD614B800375224 /* IQKeyboardManager.m */; };
		1CB163E41FD614B800375224 /* IQNSArray+Sort.m in Sources */ = {isa = PBXBuildFile; fileRef = 1CB163CF1FD614B800375224 /* IQNSArray+Sort.m */; };
		1CB163E51FD614B800375224 /* IQUIWindow+Hierarchy.m in Sources */ = {isa = PBXBuildFile; fileRef = 1CB163D01FD614B800375224 /* IQUIWindow+Hierarchy.m */; };
		1CB163E61FD614B800375224 /* IQUITextFieldView+Additions.m in Sources */ = {isa = PBXBuildFile; fileRef = 1CB163D21FD614B800375224 /* IQUITextFieldView+Additions.m */; };
		1CB163E71FD614B800375224 /* IQUIScrollView+Additions.m in Sources */ = {isa = PBXBuildFile; fileRef = 1CB163D31FD614B800375224 /* IQUIScrollView+Additions.m */; };
		1CB163E81FD614B800375224 /* IQUIView+Hierarchy.m in Sources */ = {isa = PBXBuildFile; fileRef = 1CB163D41FD614B800375224 /* IQUIView+Hierarchy.m */; };
		1CB163E91FD614B800375224 /* IQUIViewController+Additions.m in Sources */ = {isa = PBXBuildFile; fileRef = 1CB163D91FD614B800375224 /* IQUIViewController+Additions.m */; };
		1CB163EA1FD614B800375224 /* IQKeyboardReturnKeyHandler.m in Sources */ = {isa = PBXBuildFile; fileRef = 1CB163DB1FD614B800375224 /* IQKeyboardReturnKeyHandler.m */; };
		1CC8FD331FB10887006F9106 /* AppDelegate.m in Sources */ = {isa = PBXBuildFile; fileRef = 1CC8FD321FB10887006F9106 /* AppDelegate.m */; };
		1CC8FD361FB10887006F9106 /* ViewController.m in Sources */ = {isa = PBXBuildFile; fileRef = 1CC8FD351FB10887006F9106 /* ViewController.m */; };
		1CC8FD391FB10887006F9106 /* Main.storyboard in Resources */ = {isa = PBXBuildFile; fileRef = 1CC8FD371FB10887006F9106 /* Main.storyboard */; };
		1CC8FD3B1FB10887006F9106 /* Assets.xcassets in Resources */ = {isa = PBXBuildFile; fileRef = 1CC8FD3A1FB10887006F9106 /* Assets.xcassets */; };
		1CC8FD3E1FB10887006F9106 /* LaunchScreen.storyboard in Resources */ = {isa = PBXBuildFile; fileRef = 1CC8FD3C1FB10887006F9106 /* LaunchScreen.storyboard */; };
		1CC8FD411FB10887006F9106 /* main.m in Sources */ = {isa = PBXBuildFile; fileRef = 1CC8FD401FB10887006F9106 /* main.m */; };
		1CC8FD4B1FB10887006F9106 /* el16wyTests.m in Sources */ = {isa = PBXBuildFile; fileRef = 1CC8FD4A1FB10887006F9106 /* el16wyTests.m */; };
		1CC8FD561FB10887006F9106 /* el16wyUITests.m in Sources */ = {isa = PBXBuildFile; fileRef = 1CC8FD551FB10887006F9106 /* el16wyUITests.m */; };
		1CDD7C971FD776DC00D7ADA9 /* water0.png in Resources */ = {isa = PBXBuildFile; fileRef = 1CDD7C961FD776DC00D7ADA9 /* water0.png */; };
/* End PBXBuildFile section */

/* Begin PBXContainerItemProxy section */
		1CC8FD471FB10887006F9106 /* PBXContainerItemProxy */ = {
			isa = PBXContainerItemProxy;
			containerPortal = 1CC8FD261FB10887006F9106 /* Project object */;
			proxyType = 1;
			remoteGlobalIDString = 1CC8FD2D1FB10887006F9106;
			remoteInfo = el16wy;
		};
		1CC8FD521FB10887006F9106 /* PBXContainerItemProxy */ = {
			isa = PBXContainerItemProxy;
			containerPortal = 1CC8FD261FB10887006F9106 /* Project object */;
			proxyType = 1;
			remoteGlobalIDString = 1CC8FD2D1FB10887006F9106;
			remoteInfo = el16wy;
		};
/* End PBXContainerItemProxy section */

/* Begin PBXFileReference section */
		1C5279BC1FD5BB2C0045051F /* historyModel.h */ = {isa = PBXFileReference; lastKnownFileType = sourcecode.c.h; path = historyModel.h; sourceTree = "<group>"; };
		1C5279BD1FD5BB2C0045051F /* historyModel.m */ = {isa = PBXFileReference; lastKnownFileType = sourcecode.c.objc; path = historyModel.m; sourceTree = "<group>"; };
		1C54C4531FD6FA30002BA883 /* icon-80x80.png */ = {isa = PBXFileReference; lastKnownFileType = image.png; path = "icon-80x80.png"; sourceTree = "<group>"; };
		1C54C4541FD6FA30002BA883 /* volume_normal.png */ = {isa = PBXFileReference; lastKnownFileType = image.png; path = volume_normal.png; sourceTree = "<group>"; };
		1C54C4551FD6FA30002BA883 /* icon-58x58.png */ = {isa = PBXFileReference; lastKnownFileType = image.png; path = "icon-58x58.png"; sourceTree = "<group>"; };
		1C54C4561FD6FA30002BA883 /* volume_top.png */ = {isa = PBXFileReference; lastKnownFileType = image.png; path = volume_top.png; sourceTree = "<group>"; };
		1C54C4571FD6FA30002BA883 /* launchImage-640x960.png */ = {isa = PBXFileReference; lastKnownFileType = image.png; path = "launchImage-640x960.png"; sourceTree = "<group>"; };
		1C54C4581FD6FA31002BA883 /* icon-60x60.png */ = {isa = PBXFileReference; lastKnownFileType = image.png; path = "icon-60x60.png"; sourceTree = "<group>"; };
		1C54C4591FD6FA31002BA883 /* icon-57x57.png */ = {isa = PBXFileReference; lastKnownFileType = image.png; path = "icon-57x57.png"; sourceTree = "<group>"; };
		1C54C45A1FD6FA31002BA883 /* icon-114x114.png */ = {isa = PBXFileReference; lastKnownFileType = image.png; path = "icon-114x114.png"; sourceTree = "<group>"; };
		1C54C45B1FD6FA31002BA883 /* launchImage-640x1136.png */ = {isa = PBXFileReference; lastKnownFileType = image.png; path = "launchImage-640x1136.png"; sourceTree = "<group>"; };
		1C54C45C1FD6FA31002BA883 /* volume_bottom.png */ = {isa = PBXFileReference; lastKnownFileType = image.png; path = volume_bottom.png; sourceTree = "<group>"; };
		1C54C45D1FD6FA31002BA883 /* icon-29x29.png */ = {isa = PBXFileReference; lastKnownFileType = image.png; path = "icon-29x29.png"; sourceTree = "<group>"; };
		1C54C45E1FD6FA31002BA883 /* launchImage-320x480.png */ = {isa = PBXFileReference; lastKnownFileType = image.png; path = "launchImage-320x480.png"; sourceTree = "<group>"; };
		1C54C45F1FD6FA32002BA883 /* icon-120x120.png */ = {isa = PBXFileReference; lastKnownFileType = image.png; path = "icon-120x120.png"; sourceTree = "<group>"; };
		1C54C4601FD6FA32002BA883 /* cup.png */ = {isa = PBXFileReference; lastKnownFileType = image.png; path = cup.png; sourceTree = "<group>"; };
		1C54C4611FD6FA32002BA883 /* icon-1024x1024.png */ = {isa = PBXFileReference; lastKnownFileType = image.png; path = "icon-1024x1024.png"; sourceTree = "<group>"; };
		1C54C4791FD70595002BA883 /* icons8-drinking-25.png */ = {isa = PBXFileReference; lastKnownFileType = image.png; path = "icons8-drinking-25.png"; sourceTree = "<group>"; };
		1C54C47A1FD70596002BA883 /* icons8-alarm-clock-25.png */ = {isa = PBXFileReference; lastKnownFileType = image.png; path = "icons8-alarm-clock-25.png"; sourceTree = "<group>"; };
		1C54C47B1FD7059A002BA883 /* icons8-order-history-25.png */ = {isa = PBXFileReference; lastKnownFileType = image.png; path = "icons8-order-history-25.png"; sourceTree = "<group>"; };
		1CB163661FD5D56300375224 /* water2.png */ = {isa = PBXFileReference; lastKnownFileType = image.png; path = water2.png; sourceTree = "<group>"; };
		1CB163671FD5D56300375224 /* water7.png */ = {isa = PBXFileReference; lastKnownFileType = image.png; path = water7.png; sourceTree = "<group>"; };
		1CB163681FD5D56400375224 /* water5.png */ = {isa = PBXFileReference; lastKnownFileType = image.png; path = water5.png; sourceTree = "<group>"; };
		1CB163691FD5D56400375224 /* water8.png */ = {isa = PBXFileReference; lastKnownFileType = image.png; path = water8.png; sourceTree = "<group>"; };
		1CB1636A1FD5D56400375224 /* water3.png */ = {isa = PBXFileReference; lastKnownFileType = image.png; path = water3.png; sourceTree = "<group>"; };
		1CB1636B1FD5D56400375224 /* water4.png */ = {isa = PBXFileReference; lastKnownFileType = image.png; path = water4.png; sourceTree = "<group>"; };
		1CB1636C1FD5D56400375224 /* water1.png */ = {isa = PBXFileReference; lastKnownFileType = image.png; path = water1.png; sourceTree = "<group>"; };
		1CB1636D1FD5D56500375224 /* water6.png */ = {isa = PBXFileReference; lastKnownFileType = image.png; path = water6.png; sourceTree = "<group>"; };
		1CB1637A1FD5D5A500375224 /* FMDatabase.h */ = {isa = PBXFileReference; fileEncoding = 4; lastKnownFileType = sourcecode.c.h; path = FMDatabase.h; sourceTree = "<group>"; };
		1CB1637B1FD5D5A500375224 /* FMDatabaseQueue.m */ = {isa = PBXFileReference; fileEncoding = 4; lastKnownFileType = sourcecode.c.objc; path = FMDatabaseQueue.m; sourceTree = "<group>"; };
		1CB1637C1FD5D5A500375224 /* FMResultSet.h */ = {isa = PBXFileReference; fileEncoding = 4; lastKnownFileType = sourcecode.c.h; path = FMResultSet.h; sourceTree = "<group>"; };
		1CB1637D1FD5D5A500375224 /* FMDatabasePool.h */ = {isa = PBXFileReference; fileEncoding = 4; lastKnownFileType = sourcecode.c.h; path = FMDatabasePool.h; sourceTree = "<group>"; };
		1CB1637E1FD5D5A500375224 /* FMDatabaseAdditions.m */ = {isa = PBXFileReference; fileEncoding = 4; lastKnownFileType = sourcecode.c.objc; path = FMDatabaseAdditions.m; sourceTree = "<group>"; };
		1CB1637F1FD5D5A500375224 /* FMDatabase.m */ = {isa = PBXFileReference; fileEncoding = 4; lastKnownFileType = sourcecode.c.objc; path = FMDatabase.m; sourceTree = "<group>"; };
		1CB163801FD5D5A500375224 /* FMDatabaseQueue.h */ = {isa = PBXFileReference; fileEncoding = 4; lastKnownFileType = sourcecode.c.h; path = FMDatabaseQueue.h; sourceTree = "<group>"; };
		1CB163811FD5D5A500375224 /* FMDB.h */ = {isa = PBXFileReference; fileEncoding = 4; lastKnownFileType = sourcecode.c.h; path = FMDB.h; sourceTree = "<group>"; };
		1CB163821FD5D5A500375224 /* FMDatabaseAdditions.h */ = {isa = PBXFileReference; fileEncoding = 4; lastKnownFileType = sourcecode.c.h; path = FMDatabaseAdditions.h; sourceTree = "<group>"; };
		1CB163831FD5D5A500375224 /* FMDatabasePool.m */ = {isa = PBXFileReference; fileEncoding = 4; lastKnownFileType = sourcecode.c.objc; path = FMDatabasePool.m; sourceTree = "<group>"; };
		1CB163841FD5D5A500375224 /* FMResultSet.m */ = {isa = PBXFileReference; fileEncoding = 4; lastKnownFileType = sourcecode.c.objc; path = FMResultSet.m; sourceTree = "<group>"; };
		1CB1638B1FD5D5AE00375224 /* JQFMDB.m */ = {isa = PBXFileReference; fileEncoding = 4; lastKnownFileType = sourcecode.c.objc; path = JQFMDB.m; sourceTree = "<group>"; };
		1CB1638C1FD5D5AE00375224 /* JQFMDB.h */ = {isa = PBXFileReference; fileEncoding = 4; lastKnownFileType = sourcecode.c.h; path = JQFMDB.h; sourceTree = "<group>"; };
		1CB163A21FD5DDA800375224 /* DVXBarView.m */ = {isa = PBXFileReference; fileEncoding = 4; lastKnownFileType = sourcecode.c.objc; path = DVXBarView.m; sourceTree = "<group>"; };
		1CB163A31FD5DDA800375224 /* DVYBarView.m */ = {isa = PBXFileReference; fileEncoding = 4; lastKnownFileType = sourcecode.c.objc; path = DVYBarView.m; sourceTree = "<group>"; };
		1CB163A41FD5DDA800375224 /* DVBarChartView.h */ = {isa = PBXFileReference; fileEncoding = 4; lastKnownFileType = sourcecode.c.h; path = DVBarChartView.h; sourceTree = "<group>"; };
		1CB163A51FD5DDA800375224 /* DVYBarView.h */ = {isa = PBXFileReference; fileEncoding = 4; lastKnownFileType = sourcecode.c.h; path = DVYBarView.h; sourceTree = "<group>"; };
		1CB163A61FD5DDA800375224 /* DVXBarView.h */ = {isa = PBXFileReference; fileEncoding = 4; lastKnownFileType = sourcecode.c.h; path = DVXBarView.h; sourceTree = "<group>"; };
		1CB163A71FD5DDA800375224 /* DVBarChartView.m */ = {isa = PBXFileReference; fileEncoding = 4; lastKnownFileType = sourcecode.c.objc; path = DVBarChartView.m; sourceTree = "<group>"; };
		1CB163AB1FD5DDB400375224 /* UIColor+Hex.h */ = {isa = PBXFileReference; fileEncoding = 4; lastKnownFileType = sourcecode.c.h; path = "UIColor+Hex.h"; sourceTree = "<group>"; };
		1CB163AC1FD5DDB400375224 /* UIColor+Hex.m */ = {isa = PBXFileReference; fileEncoding = 4; lastKnownFileType = sourcecode.c.objc; path = "UIColor+Hex.m"; sourceTree = "<group>"; };
		1CB163AD1FD5DDB400375224 /* UIView+Extension.h */ = {isa = PBXFileReference; fileEncoding = 4; lastKnownFileType = sourcecode.c.h; path = "UIView+Extension.h"; sourceTree = "<group>"; };
		1CB163AE1FD5DDB500375224 /* UIView+Extension.m */ = {isa = PBXFileReference; fileEncoding = 4; lastKnownFileType = sourcecode.c.objc; path = "UIView+Extension.m"; sourceTree = "<group>"; };
		1CB163B11FD5DDFE00375224 /* historyViewController.h */ = {isa = PBXFileReference; lastKnownFileType = sourcecode.c.h; path = historyViewController.h; sourceTree = "<group>"; };
		1CB163B21FD5DDFE00375224 /* historyViewController.m */ = {isa = PBXFileReference; lastKnownFileType = sourcecode.c.objc; path = historyViewController.m; sourceTree = "<group>"; };
		1CB163B41FD6147C00375224 /* reminderViewController.h */ = {isa = PBXFileReference; lastKnownFileType = sourcecode.c.h; path = reminderViewController.h; sourceTree = "<group>"; };
		1CB163B51FD6147C00375224 /* reminderViewController.m */ = {isa = PBXFileReference; lastKnownFileType = sourcecode.c.objc; path = reminderViewController.m; sourceTree = "<group>"; };
		1CB163B91FD614B800375224 /* IQTextView.m */ = {isa = PBXFileReference; fileEncoding = 4; lastKnownFileType = sourcecode.c.objc; path = IQTextView.m; sourceTree = "<group>"; };
		1CB163BA1FD614B800375224 /* IQTextView.h */ = {isa = PBXFileReference; fileEncoding = 4; lastKnownFileType = sourcecode.c.h; path = IQTextView.h; sourceTree = "<group>"; };
		1CB163BC1FD614B800375224 /* IQUIView+IQKeyboardToolbar.h */ = {isa = PBXFileReference; fileEncoding = 4; lastKnownFileType = sourcecode.c.h; path = "IQUIView+IQKeyboardToolbar.h"; sourceTree = "<group>"; };
		1CB163BD1FD614B800375224 /* IQToolbar.m */ = {isa = PBXFileReference; fileEncoding = 4; lastKnownFileType = sourcecode.c.objc; path = IQToolbar.m; sourceTree = "<group>"; };
		1CB163BE1FD614B800375224 /* IQPreviousNextView.h */ = {isa = PBXFileReference; fileEncoding = 4; lastKnownFileType = sourcecode.c.h; path = IQPreviousNextView.h; sourceTree = "<group>"; };
		1CB163BF1FD614B800375224 /* IQTitleBarButtonItem.m */ = {isa = PBXFileReference; fileEncoding = 4; lastKnownFileType = sourcecode.c.objc; path = IQTitleBarButtonItem.m; sourceTree = "<group>"; };
		1CB163C01FD614B800375224 /* IQBarButtonItem.m */ = {isa = PBXFileReference; fileEncoding = 4; lastKnownFileType = sourcecode.c.objc; path = IQBarButtonItem.m; sourceTree = "<group>"; };
		1CB163C11FD614B800375224 /* IQUIView+IQKeyboardToolbar.m */ = {isa = PBXFileReference; fileEncoding = 4; lastKnownFileType = sourcecode.c.objc; path = "IQUIView+IQKeyboardToolbar.m"; sourceTree = "<group>"; };
		1CB163C21FD614B800375224 /* IQPreviousNextView.m */ = {isa = PBXFileReference; fileEncoding = 4; lastKnownFileType = sourcecode.c.objc; path = IQPreviousNextView.m; sourceTree = "<group>"; };
		1CB163C31FD614B800375224 /* IQToolbar.h */ = {isa = PBXFileReference; fileEncoding = 4; lastKnownFileType = sourcecode.c.h; path = IQToolbar.h; sourceTree = "<group>"; };
		1CB163C41FD614B800375224 /* IQBarButtonItem.h */ = {isa = PBXFileReference; fileEncoding = 4; lastKnownFileType = sourcecode.c.h; path = IQBarButtonItem.h; sourceTree = "<group>"; };
		1CB163C51FD614B800375224 /* IQTitleBarButtonItem.h */ = {isa = PBXFileReference; fileEncoding = 4; lastKnownFileType = sourcecode.c.h; path = IQTitleBarButtonItem.h; sourceTree = "<group>"; };
		1CB163C71FD614B800375224 /* IQKeyboardManagerConstantsInternal.h */ = {isa = PBXFileReference; fileEncoding = 4; lastKnownFileType = sourcecode.c.h; path = IQKeyboardManagerConstantsInternal.h; sourceTree = "<group>"; };
		1CB163C81FD614B800375224 /* IQKeyboardManagerConstants.h */ = {isa = PBXFileReference; fileEncoding = 4; lastKnownFileType = sourcecode.c.h; path = IQKeyboardManagerConstants.h; sourceTree = "<group>"; };
		1CB163CA1FD614B800375224 /* IQKeyboardManager.bundle */ = {isa = PBXFileReference; lastKnownFileType = "wrapper.plug-in"; path = IQKeyboardManager.bundle; sourceTree = "<group>"; };
		1CB163CB1FD614B800375224 /* IQKeyboardReturnKeyHandler.h */ = {isa = PBXFileReference; fileEncoding = 4; lastKnownFileType = sourcecode.c.h; path = IQKeyboardReturnKeyHandler.h; sourceTree = "<group>"; };
		1CB163CC1FD614B800375224 /* IQKeyboardManager.h */ = {isa = PBXFileReference; fileEncoding = 4; lastKnownFileType = sourcecode.c.h; path = IQKeyboardManager.h; sourceTree = "<group>"; };
		1CB163CD1FD614B800375224 /* IQKeyboardManager.m */ = {isa = PBXFileReference; fileEncoding = 4; lastKnownFileType = sourcecode.c.objc; path = IQKeyboardManager.m; sourceTree = "<group>"; };
		1CB163CF1FD614B800375224 /* IQNSArray+Sort.m */ = {isa = PBXFileReference; fileEncoding = 4; lastKnownFileType = sourcecode.c.objc; path = "IQNSArray+Sort.m"; sourceTree = "<group>"; };
		1CB163D01FD614B800375224 /* IQUIWindow+Hierarchy.m */ = {isa = PBXFileReference; fileEncoding = 4; lastKnownFileType = sourcecode.c.objc; path = "IQUIWindow+Hierarchy.m"; sourceTree = "<group>"; };
		1CB163D11FD614B800375224 /* IQUIViewController+Additions.h */ = {isa = PBXFileReference; fileEncoding = 4; lastKnownFileType = sourcecode.c.h; path = "IQUIViewController+Additions.h"; sourceTree = "<group>"; };
		1CB163D21FD614B800375224 /* IQUITextFieldView+Additions.m */ = {isa = PBXFileReference; fileEncoding = 4; lastKnownFileType = sourcecode.c.objc; path = "IQUITextFieldView+Additions.m"; sourceTree = "<group>"; };
		1CB163D31FD614B800375224 /* IQUIScrollView+Additions.m */ = {isa = PBXFileReference; fileEncoding = 4; lastKnownFileType = sourcecode.c.objc; path = "IQUIScrollView+Additions.m"; sourceTree = "<group>"; };
		1CB163D41FD614B800375224 /* IQUIView+Hierarchy.m */ = {isa = PBXFileReference; fileEncoding = 4; lastKnownFileType = sourcecode.c.objc; path = "IQUIView+Hierarchy.m"; sourceTree = "<group>"; };
		1CB163D51FD614B800375224 /* IQUIWindow+Hierarchy.h */ = {isa = PBXFileReference; fileEncoding = 4; lastKnownFileType = sourcecode.c.h; path = "IQUIWindow+Hierarchy.h"; sourceTree = "<group>"; };
		1CB163D61FD614B800375224 /* IQNSArray+Sort.h */ = {isa = PBXFileReference; fileEncoding = 4; lastKnownFileType = sourcecode.c.h; path = "IQNSArray+Sort.h"; sourceTree = "<group>"; };
		1CB163D71FD614B800375224 /* IQUIScrollView+Additions.h */ = {isa = PBXFileReference; fileEncoding = 4; lastKnownFileType = sourcecode.c.h; path = "IQUIScrollView+Additions.h"; sourceTree = "<group>"; };
		1CB163D81FD614B800375224 /* IQUITextFieldView+Additions.h */ = {isa = PBXFileReference; fileEncoding = 4; lastKnownFileType = sourcecode.c.h; path = "IQUITextFieldView+Additions.h"; sourceTree = "<group>"; };
		1CB163D91FD614B800375224 /* IQUIViewController+Additions.m */ = {isa = PBXFileReference; fileEncoding = 4; lastKnownFileType = sourcecode.c.objc; path = "IQUIViewController+Additions.m"; sourceTree = "<group>"; };
		1CB163DA1FD614B800375224 /* IQUIView+Hierarchy.h */ = {isa = PBXFileReference; fileEncoding = 4; lastKnownFileType = sourcecode.c.h; path = "IQUIView+Hierarchy.h"; sourceTree = "<group>"; };
		1CB163DB1FD614B800375224 /* IQKeyboardReturnKeyHandler.m */ = {isa = PBXFileReference; fileEncoding = 4; lastKnownFileType = sourcecode.c.objc; path = IQKeyboardReturnKeyHandler.m; sourceTree = "<group>"; };
		1CB163EF1FD61BE400375224 /* UserNotifications.framework */ = {isa = PBXFileReference; lastKnownFileType = wrapper.framework; name = UserNotifications.framework; path = System/Library/Frameworks/UserNotifications.framework; sourceTree = SDKROOT; };
		1CC8FD2E1FB10887006F9106 /* el16wy.app */ = {isa = PBXFileReference; explicitFileType = wrapper.application; includeInIndex = 0; path = el16wy.app; sourceTree = BUILT_PRODUCTS_DIR; };
		1CC8FD311FB10887006F9106 /* AppDelegate.h */ = {isa = PBXFileReference; lastKnownFileType = sourcecode.c.h; path = AppDelegate.h; sourceTree = "<group>"; };
		1CC8FD321FB10887006F9106 /* AppDelegate.m */ = {isa = PBXFileReference; lastKnownFileType = sourcecode.c.objc; path = AppDelegate.m; sourceTree = "<group>"; };
		1CC8FD341FB10887006F9106 /* ViewController.h */ = {isa = PBXFileReference; lastKnownFileType = sourcecode.c.h; path = ViewController.h; sourceTree = "<group>"; };
		1CC8FD351FB10887006F9106 /* ViewController.m */ = {isa = PBXFileReference; lastKnownFileType = sourcecode.c.objc; path = ViewController.m; sourceTree = "<group>"; };
		1CC8FD381FB10887006F9106 /* Base */ = {isa = PBXFileReference; lastKnownFileType = file.storyboard; name = Base; path = Base.lproj/Main.storyboard; sourceTree = "<group>"; };
		1CC8FD3A1FB10887006F9106 /* Assets.xcassets */ = {isa = PBXFileReference; lastKnownFileType = folder.assetcatalog; path = Assets.xcassets; sourceTree = "<group>"; };
		1CC8FD3D1FB10887006F9106 /* Base */ = {isa = PBXFileReference; lastKnownFileType = file.storyboard; name = Base; path = Base.lproj/LaunchScreen.storyboard; sourceTree = "<group>"; };
		1CC8FD3F1FB10887006F9106 /* Info.plist */ = {isa = PBXFileReference; lastKnownFileType = text.plist.xml; path = Info.plist; sourceTree = "<group>"; };
		1CC8FD401FB10887006F9106 /* main.m */ = {isa = PBXFileReference; lastKnownFileType = sourcecode.c.objc; path = main.m; sourceTree = "<group>"; };
		1CC8FD461FB10887006F9106 /* el16wyTests.xctest */ = {isa = PBXFileReference; explicitFileType = wrapper.cfbundle; includeInIndex = 0; path = el16wyTests.xctest; sourceTree = BUILT_PRODUCTS_DIR; };
		1CC8FD4A1FB10887006F9106 /* el16wyTests.m */ = {isa = PBXFileReference; lastKnownFileType = sourcecode.c.objc; path = el16wyTests.m; sourceTree = "<group>"; };
		1CC8FD4C1FB10887006F9106 /* Info.plist */ = {isa = PBXFileReference; lastKnownFileType = text.plist.xml; path = Info.plist; sourceTree = "<group>"; };
		1CC8FD511FB10887006F9106 /* el16wyUITests.xctest */ = {isa = PBXFileReference; explicitFileType = wrapper.cfbundle; includeInIndex = 0; path = el16wyUITests.xctest; sourceTree = BUILT_PRODUCTS_DIR; };
		1CC8FD551FB10887006F9106 /* el16wyUITests.m */ = {isa = PBXFileReference; lastKnownFileType = sourcecode.c.objc; path = el16wyUITests.m; sourceTree = "<group>"; };
		1CC8FD571FB10887006F9106 /* Info.plist */ = {isa = PBXFileReference; lastKnownFileType = text.plist.xml; path = Info.plist; sourceTree = "<group>"; };
		1CDD7C961FD776DC00D7ADA9 /* water0.png */ = {isa = PBXFileReference; lastKnownFileType = image.png; path = water0.png; sourceTree = "<group>"; };
/* End PBXFileReference section */

/* Begin PBXFrameworksBuildPhase section */
		1CC8FD2B1FB10887006F9106 /* Frameworks */ = {
			isa = PBXFrameworksBuildPhase;
			buildActionMask = 2147483647;
			files = (
			);
			runOnlyForDeploymentPostprocessing = 0;
		};
		1CC8FD431FB10887006F9106 /* Frameworks */ = {
			isa = PBXFrameworksBuildPhase;
			buildActionMask = 2147483647;
			files = (
			);
			runOnlyForDeploymentPostprocessing = 0;
		};
		1CC8FD4E1FB10887006F9106 /* Frameworks */ = {
			isa = PBXFrameworksBuildPhase;
			buildActionMask = 2147483647;
			files = (
			);
			runOnlyForDeploymentPostprocessing = 0;
		};
/* End PBXFrameworksBuildPhase section */

/* Begin PBXGroup section */
		1C54C4521FD6F872002BA883 /* icon */ = {
			isa = PBXGroup;
			children = (
				1C54C4791FD70595002BA883 /* icons8-drinking-25.png */,
				1C54C47B1FD7059A002BA883 /* icons8-order-history-25.png */,
				1C54C47A1FD70596002BA883 /* icons8-alarm-clock-25.png */,
				1C54C4601FD6FA32002BA883 /* cup.png */,
				1C54C45D1FD6FA31002BA883 /* icon-29x29.png */,
				1C54C4591FD6FA31002BA883 /* icon-57x57.png */,
				1C54C4551FD6FA30002BA883 /* icon-58x58.png */,
				1C54C4581FD6FA31002BA883 /* icon-60x60.png */,
				1C54C4531FD6FA30002BA883 /* icon-80x80.png */,
				1C54C45A1FD6FA31002BA883 /* icon-114x114.png */,
				1C54C45F1FD6FA32002BA883 /* icon-120x120.png */,
				1C54C4611FD6FA32002BA883 /* icon-1024x1024.png */,
				1C54C45E1FD6FA31002BA883 /* launchImage-320x480.png */,
				1C54C4571FD6FA30002BA883 /* launchImage-640x960.png */,
				1C54C45B1FD6FA31002BA883 /* launchImage-640x1136.png */,
				1C54C45C1FD6FA31002BA883 /* volume_bottom.png */,
				1C54C4541FD6FA30002BA883 /* volume_normal.png */,
				1C54C4561FD6FA30002BA883 /* volume_top.png */,
			);
			path = icon;
			sourceTree = "<group>";
		};
		1C8A27411FD47C2200E28044 /* Frameworks */ = {
			isa = PBXGroup;
			children = (
				1CB163EF1FD61BE400375224 /* UserNotifications.framework */,
			);
			name = Frameworks;
			sourceTree = "<group>";
		};
		1CB163651FD5D4E800375224 /* image */ = {
			isa = PBXGroup;
			children = (
				1CDD7C961FD776DC00D7ADA9 /* water0.png */,
				1CB1636C1FD5D56400375224 /* water1.png */,
				1CB163661FD5D56300375224 /* water2.png */,
				1CB1636A1FD5D56400375224 /* water3.png */,
				1CB1636B1FD5D56400375224 /* water4.png */,
				1CB163681FD5D56400375224 /* water5.png */,
				1CB1636D1FD5D56500375224 /* water6.png */,
				1CB163671FD5D56300375224 /* water7.png */,
				1CB163691FD5D56400375224 /* water8.png */,
			);
			path = image;
			sourceTree = "<group>";
		};
		1CB163781FD5D57500375224 /* Third party Frameworks from Github */ = {
			isa = PBXGroup;
			children = (
				1CB163B71FD614B800375224 /* IQKeyboardManager */,
				1CB163AB1FD5DDB400375224 /* UIColor+Hex.h */,
				1CB163AC1FD5DDB400375224 /* UIColor+Hex.m */,
				1CB163AD1FD5DDB400375224 /* UIView+Extension.h */,
				1CB163AE1FD5DDB500375224 /* UIView+Extension.m */,
				1CB163A11FD5DDA800375224 /* DVBarChartView */,
				1CB1638A1FD5D5AE00375224 /* JQFMDB */,
				1CB163791FD5D5A500375224 /* fmdb */,
			);
			path = "Third party Frameworks from Github";
			sourceTree = "<group>";
		};
		1CB163791FD5D5A500375224 /* fmdb */ = {
			isa = PBXGroup;
			children = (
				1CB1637A1FD5D5A500375224 /* FMDatabase.h */,
				1CB1637B1FD5D5A500375224 /* FMDatabaseQueue.m */,
				1CB1637C1FD5D5A500375224 /* FMResultSet.h */,
				1CB1637D1FD5D5A500375224 /* FMDatabasePool.h */,
				1CB1637E1FD5D5A500375224 /* FMDatabaseAdditions.m */,
				1CB1637F1FD5D5A500375224 /* FMDatabase.m */,
				1CB163801FD5D5A500375224 /* FMDatabaseQueue.h */,
				1CB163811FD5D5A500375224 /* FMDB.h */,
				1CB163821FD5D5A500375224 /* FMDatabaseAdditions.h */,
				1CB163831FD5D5A500375224 /* FMDatabasePool.m */,
				1CB163841FD5D5A500375224 /* FMResultSet.m */,
			);
			path = fmdb;
			sourceTree = "<group>";
		};
		1CB1638A1FD5D5AE00375224 /* JQFMDB */ = {
			isa = PBXGroup;
			children = (
				1CB1638B1FD5D5AE00375224 /* JQFMDB.m */,
				1CB1638C1FD5D5AE00375224 /* JQFMDB.h */,
			);
			path = JQFMDB;
			sourceTree = "<group>";
		};
		1CB163A11FD5DDA800375224 /* DVBarChartView */ = {
			isa = PBXGroup;
			children = (
				1CB163A21FD5DDA800375224 /* DVXBarView.m */,
				1CB163A31FD5DDA800375224 /* DVYBarView.m */,
				1CB163A41FD5DDA800375224 /* DVBarChartView.h */,
				1CB163A51FD5DDA800375224 /* DVYBarView.h */,
				1CB163A61FD5DDA800375224 /* DVXBarView.h */,
				1CB163A71FD5DDA800375224 /* DVBarChartView.m */,
			);
			path = DVBarChartView;
			sourceTree = "<group>";
		};
		1CB163B71FD614B800375224 /* IQKeyboardManager */ = {
			isa = PBXGroup;
			children = (
				1CB163B81FD614B800375224 /* IQTextView */,
				1CB163BB1FD614B800375224 /* IQToolbar */,
				1CB163C61FD614B800375224 /* Constants */,
				1CB163C91FD614B800375224 /* Resources */,
				1CB163CB1FD614B800375224 /* IQKeyboardReturnKeyHandler.h */,
				1CB163CC1FD614B800375224 /* IQKeyboardManager.h */,
				1CB163CD1FD614B800375224 /* IQKeyboardManager.m */,
				1CB163CE1FD614B800375224 /* Categories */,
				1CB163DB1FD614B800375224 /* IQKeyboardReturnKeyHandler.m */,
			);
			path = IQKeyboardManager;
			sourceTree = "<group>";
		};
		1CB163B81FD614B800375224 /* IQTextView */ = {
			isa = PBXGroup;
			children = (
				1CB163B91FD614B800375224 /* IQTextView.m */,
				1CB163BA1FD614B800375224 /* IQTextView.h */,
			);
			path = IQTextView;
			sourceTree = "<group>";
		};
		1CB163BB1FD614B800375224 /* IQToolbar */ = {
			isa = PBXGroup;
			children = (
				1CB163BC1FD614B800375224 /* IQUIView+IQKeyboardToolbar.h */,
				1CB163BD1FD614B800375224 /* IQToolbar.m */,
				1CB163BE1FD614B800375224 /* IQPreviousNextView.h */,
				1CB163BF1FD614B800375224 /* IQTitleBarButtonItem.m */,
				1CB163C01FD614B800375224 /* IQBarButtonItem.m */,
				1CB163C11FD614B800375224 /* IQUIView+IQKeyboardToolbar.m */,
				1CB163C21FD614B800375224 /* IQPreviousNextView.m */,
				1CB163C31FD614B800375224 /* IQToolbar.h */,
				1CB163C41FD614B800375224 /* IQBarButtonItem.h */,
				1CB163C51FD614B800375224 /* IQTitleBarButtonItem.h */,
			);
			path = IQToolbar;
			sourceTree = "<group>";
		};
		1CB163C61FD614B800375224 /* Constants */ = {
			isa = PBXGroup;
			children = (
				1CB163C71FD614B800375224 /* IQKeyboardManagerConstantsInternal.h */,
				1CB163C81FD614B800375224 /* IQKeyboardManagerConstants.h */,
			);
			path = Constants;
			sourceTree = "<group>";
		};
		1CB163C91FD614B800375224 /* Resources */ = {
			isa = PBXGroup;
			children = (
				1CB163CA1FD614B800375224 /* IQKeyboardManager.bundle */,
			);
			path = Resources;
			sourceTree = "<group>";
		};
		1CB163CE1FD614B800375224 /* Categories */ = {
			isa = PBXGroup;
			children = (
				1CB163CF1FD614B800375224 /* IQNSArray+Sort.m */,
				1CB163D01FD614B800375224 /* IQUIWindow+Hierarchy.m */,
				1CB163D11FD614B800375224 /* IQUIViewController+Additions.h */,
				1CB163D21FD614B800375224 /* IQUITextFieldView+Additions.m */,
				1CB163D31FD614B800375224 /* IQUIScrollView+Additions.m */,
				1CB163D41FD614B800375224 /* IQUIView+Hierarchy.m */,
				1CB163D51FD614B800375224 /* IQUIWindow+Hierarchy.h */,
				1CB163D61FD614B800375224 /* IQNSArray+Sort.h */,
				1CB163D71FD614B800375224 /* IQUIScrollView+Additions.h */,
				1CB163D81FD614B800375224 /* IQUITextFieldView+Additions.h */,
				1CB163D91FD614B800375224 /* IQUIViewController+Additions.m */,
				1CB163DA1FD614B800375224 /* IQUIView+Hierarchy.h */,
			);
			path = Categories;
			sourceTree = "<group>";
		};
		1CC8FD251FB10887006F9106 = {
			isa = PBXGroup;
			children = (
				1CC8FD301FB10887006F9106 /* el16wy */,
				1CC8FD491FB10887006F9106 /* el16wyTests */,
				1CC8FD541FB10887006F9106 /* el16wyUITests */,
				1CC8FD2F1FB10887006F9106 /* Products */,
				1C8A27411FD47C2200E28044 /* Frameworks */,
			);
			sourceTree = "<group>";
		};
		1CC8FD2F1FB10887006F9106 /* Products */ = {
			isa = PBXGroup;
			children = (
				1CC8FD2E1FB10887006F9106 /* el16wy.app */,
				1CC8FD461FB10887006F9106 /* el16wyTests.xctest */,
				1CC8FD511FB10887006F9106 /* el16wyUITests.xctest */,
			);
			name = Products;
			sourceTree = "<group>";
		};
		1CC8FD301FB10887006F9106 /* el16wy */ = {
			isa = PBXGroup;
			children = (
				1C54C4521FD6F872002BA883 /* icon */,
				1CB163651FD5D4E800375224 /* image */,
				1CC8FD311FB10887006F9106 /* AppDelegate.h */,
				1CC8FD321FB10887006F9106 /* AppDelegate.m */,
				1C5279BC1FD5BB2C0045051F /* historyModel.h */,
				1C5279BD1FD5BB2C0045051F /* historyModel.m */,
				1CC8FD341FB10887006F9106 /* ViewController.h */,
				1CC8FD351FB10887006F9106 /* ViewController.m */,
				1CB163B11FD5DDFE00375224 /* historyViewController.h */,
				1CB163B21FD5DDFE00375224 /* historyViewController.m */,
				1CB163B41FD6147C00375224 /* reminderViewController.h */,
				1CB163B51FD6147C00375224 /* reminderViewController.m */,
				1CC8FD371FB10887006F9106 /* Main.storyboard */,
				1CC8FD3A1FB10887006F9106 /* Assets.xcassets */,
				1CC8FD3C1FB10887006F9106 /* LaunchScreen.storyboard */,
				1CC8FD3F1FB10887006F9106 /* Info.plist */,
				1CC8FD401FB10887006F9106 /* main.m */,
				1CB163781FD5D57500375224 /* Third party Frameworks from Github */,
			);
			path = el16wy;
			sourceTree = "<group>";
		};
		1CC8FD491FB10887006F9106 /* el16wyTests */ = {
			isa = PBXGroup;
			children = (
				1CC8FD4A1FB10887006F9106 /* el16wyTests.m */,
				1CC8FD4C1FB10887006F9106 /* Info.plist */,
			);
			path = el16wyTests;
			sourceTree = "<group>";
		};
		1CC8FD541FB10887006F9106 /* el16wyUITests */ = {
			isa = PBXGroup;
			children = (
				1CC8FD551FB10887006F9106 /* el16wyUITests.m */,
				1CC8FD571FB10887006F9106 /* Info.plist */,
			);
			path = el16wyUITests;
			sourceTree = "<group>";
		};
/* End PBXGroup section */

/* Begin PBXNativeTarget section */
		1CC8FD2D1FB10887006F9106 /* el16wy */ = {
			isa = PBXNativeTarget;
			buildConfigurationList = 1CC8FD5A1FB10887006F9106 /* Build configuration list for PBXNativeTarget "el16wy" */;
			buildPhases = (
				1CC8FD2A1FB10887006F9106 /* Sources */,
				1CC8FD2B1FB10887006F9106 /* Frameworks */,
				1CC8FD2C1FB10887006F9106 /* Resources */,
			);
			buildRules = (
			);
			dependencies = (
			);
			name = el16wy;
			productName = el16wy;
			productReference = 1CC8FD2E1FB10887006F9106 /* el16wy.app */;
			productType = "com.apple.product-type.application";
		};
		1CC8FD451FB10887006F9106 /* el16wyTests */ = {
			isa = PBXNativeTarget;
			buildConfigurationList = 1CC8FD5D1FB10887006F9106 /* Build configuration list for PBXNativeTarget "el16wyTests" */;
			buildPhases = (
				1CC8FD421FB10887006F9106 /* Sources */,
				1CC8FD431FB10887006F9106 /* Frameworks */,
				1CC8FD441FB10887006F9106 /* Resources */,
			);
			buildRules = (
			);
			dependencies = (
				1CC8FD481FB10887006F9106 /* PBXTargetDependency */,
			);
			name = el16wyTests;
			productName = el16wyTests;
			productReference = 1CC8FD461FB10887006F9106 /* el16wyTests.xctest */;
			productType = "com.apple.product-type.bundle.unit-test";
		};
		1CC8FD501FB10887006F9106 /* el16wyUITests */ = {
			isa = PBXNativeTarget;
			buildConfigurationList = 1CC8FD601FB10887006F9106 /* Build configuration list for PBXNativeTarget "el16wyUITests" */;
			buildPhases = (
				1CC8FD4D1FB10887006F9106 /* Sources */,
				1CC8FD4E1FB10887006F9106 /* Frameworks */,
				1CC8FD4F1FB10887006F9106 /* Resources */,
			);
			buildRules = (
			);
			dependencies = (
				1CC8FD531FB10887006F9106 /* PBXTargetDependency */,
			);
			name = el16wyUITests;
			productName = el16wyUITests;
			productReference = 1CC8FD511FB10887006F9106 /* el16wyUITests.xctest */;
			productType = "com.apple.product-type.bundle.ui-testing";
		};
/* End PBXNativeTarget section */

/* Begin PBXProject section */
		1CC8FD261FB10887006F9106 /* Project object */ = {
			isa = PBXProject;
			attributes = {
				KnownAssetTags = (
					Cell,
				);
				LastUpgradeCheck = 0910;
				ORGANIZATIONNAME = "University of Leeds";
				TargetAttributes = {
					1CC8FD2D1FB10887006F9106 = {
						CreatedOnToolsVersion = 9.1;
						ProvisioningStyle = Automatic;
					};
					1CC8FD451FB10887006F9106 = {
						CreatedOnToolsVersion = 9.1;
						ProvisioningStyle = Automatic;
						TestTargetID = 1CC8FD2D1FB10887006F9106;
					};
					1CC8FD501FB10887006F9106 = {
						CreatedOnToolsVersion = 9.1;
						ProvisioningStyle = Automatic;
						TestTargetID = 1CC8FD2D1FB10887006F9106;
					};
				};
			};
			buildConfigurationList = 1CC8FD291FB10887006F9106 /* Build configuration list for PBXProject "el16wy" */;
			compatibilityVersion = "Xcode 8.0";
			developmentRegion = en;
			hasScannedForEncodings = 0;
			knownRegions = (
				en,
				Base,
			);
			mainGroup = 1CC8FD251FB10887006F9106;
			productRefGroup = 1CC8FD2F1FB10887006F9106 /* Products */;
			projectDirPath = "";
			projectRoot = "";
			targets = (
				1CC8FD2D1FB10887006F9106 /* el16wy */,
				1CC8FD451FB10887006F9106 /* el16wyTests */,
				1CC8FD501FB10887006F9106 /* el16wyUITests */,
			);
		};
/* End PBXProject section */

/* Begin PBXResourcesBuildPhase section */
		1CC8FD2C1FB10887006F9106 /* Resources */ = {
			isa = PBXResourcesBuildPhase;
			buildActionMask = 2147483647;
			files = (
				1CC8FD3E1FB10887006F9106 /* LaunchScreen.storyboard in Resources */,
				1C54C47D1FD7059C002BA883 /* icons8-alarm-clock-25.png in Resources */,
				1C54C46B1FD6FA32002BA883 /* volume_bottom.png in Resources */,
				1CDD7C971FD776DC00D7ADA9 /* water0.png in Resources */,
				1C54C4621FD6FA32002BA883 /* icon-80x80.png in Resources */,
				1C54C4691FD6FA32002BA883 /* icon-114x114.png in Resources */,
				1C54C46C1FD6FA32002BA883 /* icon-29x29.png in Resources */,
				1CB163751FD5D56500375224 /* water1.png in Resources */,
				1C54C4671FD6FA32002BA883 /* icon-60x60.png in Resources */,
				1C54C4631FD6FA32002BA883 /* volume_normal.png in Resources */,
				1C54C4701FD6FA32002BA883 /* icon-1024x1024.png in Resources */,
				1C54C46F1FD6FA32002BA883 /* cup.png in Resources */,
				1CB1636F1FD5D56500375224 /* water2.png in Resources */,
				1CB163731FD5D56500375224 /* water3.png in Resources */,
				1CB163741FD5D56500375224 /* water4.png in Resources */,
				1CB163711FD5D56500375224 /* water5.png in Resources */,
				1C54C4641FD6FA32002BA883 /* icon-58x58.png in Resources */,
				1CB163761FD5D56500375224 /* water6.png in Resources */,
				1CB163701FD5D56500375224 /* water7.png in Resources */,
				1C54C46D1FD6FA32002BA883 /* launchImage-320x480.png in Resources */,
				1C54C47C1FD7059C002BA883 /* icons8-drinking-25.png in Resources */,
				1C54C47E1FD7059C002BA883 /* icons8-order-history-25.png in Resources */,
				1C54C46E1FD6FA32002BA883 /* icon-120x120.png in Resources */,
				1CB163721FD5D56500375224 /* water8.png in Resources */,
				1CB163E21FD614B800375224 /* IQKeyboardManager.bundle in Resources */,
				1C54C4681FD6FA32002BA883 /* icon-57x57.png in Resources */,
				1C54C46A1FD6FA32002BA883 /* launchImage-640x1136.png in Resources */,
				1C54C4651FD6FA32002BA883 /* volume_top.png in Resources */,
				1CC8FD3B1FB10887006F9106 /* Assets.xcassets in Resources */,
				1C54C4661FD6FA32002BA883 /* launchImage-640x960.png in Resources */,
				1CC8FD391FB10887006F9106 /* Main.storyboard in Resources */,
			);
			runOnlyForDeploymentPostprocessing = 0;
		};
		1CC8FD441FB10887006F9106 /* Resources */ = {
			isa = PBXResourcesBuildPhase;
			buildActionMask = 2147483647;
			files = (
			);
			runOnlyForDeploymentPostprocessing = 0;
		};
		1CC8FD4F1FB10887006F9106 /* Resources */ = {
			isa = PBXResourcesBuildPhase;
			buildActionMask = 2147483647;
			files = (
			);
			runOnlyForDeploymentPostprocessing = 0;
		};
/* End PBXResourcesBuildPhase section */

/* Begin PBXSourcesBuildPhase section */
		1CC8FD2A1FB10887006F9106 /* Sources */ = {
			isa = PBXSourcesBuildPhase;
			buildActionMask = 2147483647;
			files = (
				1CB163B01FD5DDB500375224 /* UIView+Extension.m in Sources */,
				1CB163851FD5D5A500375224 /* FMDatabaseQueue.m in Sources */,
				1C5279BE1FD5BB2C0045051F /* historyModel.m in Sources */,
				1CB163E01FD614B800375224 /* IQUIView+IQKeyboardToolbar.m in Sources */,
				1CB163B31FD5DDFE00375224 /* historyViewController.m in Sources */,
				1CB163A91FD5DDA800375224 /* DVYBarView.m in Sources */,
				1CB163DE1FD614B800375224 /* IQTitleBarButtonItem.m in Sources */,
				1CB163E11FD614B800375224 /* IQPreviousNextView.m in Sources */,
				1CC8FD361FB10887006F9106 /* ViewController.m in Sources */,
				1CB163E71FD614B800375224 /* IQUIScrollView+Additions.m in Sources */,
				1CB163E41FD614B800375224 /* IQNSArray+Sort.m in Sources */,
				1CB163AA1FD5DDA800375224 /* DVBarChartView.m in Sources */,
				1CB163DF1FD614B800375224 /* IQBarButtonItem.m in Sources */,
				1CB163DC1FD614B800375224 /* IQTextView.m in Sources */,
				1CB163E31FD614B800375224 /* IQKeyboardManager.m in Sources */,
				1CB163E81FD614B800375224 /* IQUIView+Hierarchy.m in Sources */,
				1CB163E91FD614B800375224 /* IQUIViewController+Additions.m in Sources */,
				1CB163871FD5D5A500375224 /* FMDatabase.m in Sources */,
				1CB163E61FD614B800375224 /* IQUITextFieldView+Additions.m in Sources */,
				1CB163E51FD614B800375224 /* IQUIWindow+Hierarchy.m in Sources */,
				1CC8FD411FB10887006F9106 /* main.m in Sources */,
				1CB163EA1FD614B800375224 /* IQKeyboardReturnKeyHandler.m in Sources */,
				1CB163881FD5D5A500375224 /* FMDatabasePool.m in Sources */,
				1CB163A81FD5DDA800375224 /* DVXBarView.m in Sources */,
				1CB163891FD5D5A500375224 /* FMResultSet.m in Sources */,
				1CB163DD1FD614B800375224 /* IQToolbar.m in Sources */,
				1CB1638D1FD5D5AE00375224 /* JQFMDB.m in Sources */,
				1CB163B61FD6147C00375224 /* reminderViewController.m in Sources */,
				1CB163AF1FD5DDB500375224 /* UIColor+Hex.m in Sources */,
				1CC8FD331FB10887006F9106 /* AppDelegate.m in Sources */,
				1CB163861FD5D5A500375224 /* FMDatabaseAdditions.m in Sources */,
			);
			runOnlyForDeploymentPostprocessing = 0;
		};
		1CC8FD421FB10887006F9106 /* Sources */ = {
			isa = PBXSourcesBuildPhase;
			buildActionMask = 2147483647;
			files = (
				1CC8FD4B1FB10887006F9106 /* el16wyTests.m in Sources */,
			);
			runOnlyForDeploymentPostprocessing = 0;
		};
		1CC8FD4D1FB10887006F9106 /* Sources */ = {
			isa = PBXSourcesBuildPhase;
			buildActionMask = 2147483647;
			files = (
				1CC8FD561FB10887006F9106 /* el16wyUITests.m in Sources */,
			);
			runOnlyForDeploymentPostprocessing = 0;
		};
/* End PBXSourcesBuildPhase section */

/* Begin PBXTargetDependency section */
		1CC8FD481FB10887006F9106 /* PBXTargetDependency */ = {
			isa = PBXTargetDependency;
			target = 1CC8FD2D1FB10887006F9106 /* el16wy */;
			targetProxy = 1CC8FD471FB10887006F9106 /* PBXContainerItemProxy */;
		};
		1CC8FD531FB10887006F9106 /* PBXTargetDependency */ = {
			isa = PBXTargetDependency;
			target = 1CC8FD2D1FB10887006F9106 /* el16wy */;
			targetProxy = 1CC8FD521FB10887006F9106 /* PBXContainerItemProxy */;
		};
/* End PBXTargetDependency section */

/* Begin PBXVariantGroup section */
		1CC8FD371FB10887006F9106 /* Main.storyboard */ = {
			isa = PBXVariantGroup;
			children = (
				1CC8FD381FB10887006F9106 /* Base */,
			);
			name = Main.storyboard;
			sourceTree = "<group>";
		};
		1CC8FD3C1FB10887006F9106 /* LaunchScreen.storyboard */ = {
			isa = PBXVariantGroup;
			children = (
				1CC8FD3D1FB10887006F9106 /* Base */,
			);
			name = LaunchScreen.storyboard;
			sourceTree = "<group>";
		};
/* End PBXVariantGroup section */

/* Begin XCBuildConfiguration section */
		1CC8FD581FB10887006F9106 /* Debug */ = {
			isa = XCBuildConfiguration;
			buildSettings = {
				ALWAYS_SEARCH_USER_PATHS = NO;
				CLANG_ANALYZER_NONNULL = YES;
				CLANG_ANALYZER_NUMBER_OBJECT_CONVERSION = YES_AGGRESSIVE;
				CLANG_CXX_LANGUAGE_STANDARD = "gnu++14";
				CLANG_CXX_LIBRARY = "libc++";
				CLANG_ENABLE_MODULES = YES;
				CLANG_ENABLE_OBJC_ARC = YES;
				CLANG_WARN_BLOCK_CAPTURE_AUTORELEASING = YES;
				CLANG_WARN_BOOL_CONVERSION = YES;
				CLANG_WARN_COMMA = YES;
				CLANG_WARN_CONSTANT_CONVERSION = YES;
				CLANG_WARN_DIRECT_OBJC_ISA_USAGE = YES_ERROR;
				CLANG_WARN_DOCUMENTATION_COMMENTS = YES;
				CLANG_WARN_EMPTY_BODY = YES;
				CLANG_WARN_ENUM_CONVERSION = YES;
				CLANG_WARN_INFINITE_RECURSION = YES;
				CLANG_WARN_INT_CONVERSION = YES;
				CLANG_WARN_NON_LITERAL_NULL_CONVERSION = YES;
				CLANG_WARN_OBJC_LITERAL_CONVERSION = YES;
				CLANG_WARN_OBJC_ROOT_CLASS = YES_ERROR;
				CLANG_WARN_RANGE_LOOP_ANALYSIS = YES;
				CLANG_WARN_STRICT_PROTOTYPES = YES;
				CLANG_WARN_SUSPICIOUS_MOVE = YES;
				CLANG_WARN_UNGUARDED_AVAILABILITY = YES_AGGRESSIVE;
				CLANG_WARN_UNREACHABLE_CODE = YES;
				CLANG_WARN__DUPLICATE_METHOD_MATCH = YES;
				CODE_SIGN_IDENTITY = "iPhone Developer";
				COPY_PHASE_STRIP = NO;
				DEBUG_INFORMATION_FORMAT = dwarf;
				ENABLE_STRICT_OBJC_MSGSEND = YES;
				ENABLE_TESTABILITY = YES;
				GCC_C_LANGUAGE_STANDARD = gnu11;
				GCC_DYNAMIC_NO_PIC = NO;
				GCC_NO_COMMON_BLOCKS = YES;
				GCC_OPTIMIZATION_LEVEL = 0;
				GCC_PREPROCESSOR_DEFINITIONS = (
					"DEBUG=1",
					"$(inherited)",
				);
				GCC_WARN_64_TO_32_BIT_CONVERSION = YES;
				GCC_WARN_ABOUT_RETURN_TYPE = YES_ERROR;
				GCC_WARN_UNDECLARED_SELECTOR = YES;
				GCC_WARN_UNINITIALIZED_AUTOS = YES_AGGRESSIVE;
				GCC_WARN_UNUSED_FUNCTION = YES;
				GCC_WARN_UNUSED_VARIABLE = YES;
				IPHONEOS_DEPLOYMENT_TARGET = 11.1;
				MTL_ENABLE_DEBUG_INFO = YES;
				ONLY_ACTIVE_ARCH = YES;
				SDKROOT = iphoneos;
			};
			name = Debug;
		};
		1CC8FD591FB10887006F9106 /* Release */ = {
			isa = XCBuildConfiguration;
			buildSettings = {
				ALWAYS_SEARCH_USER_PATHS = NO;
				CLANG_ANALYZER_NONNULL = YES;
				CLANG_ANALYZER_NUMBER_OBJECT_CONVERSION = YES_AGGRESSIVE;
				CLANG_CXX_LANGUAGE_STANDARD = "gnu++14";
				CLANG_CXX_LIBRARY = "libc++";
				CLANG_ENABLE_MODULES = YES;
				CLANG_ENABLE_OBJC_ARC = YES;
				CLANG_WARN_BLOCK_CAPTURE_AUTORELEASING = YES;
				CLANG_WARN_BOOL_CONVERSION = YES;
				CLANG_WARN_COMMA = YES;
				CLANG_WARN_CONSTANT_CONVERSION = YES;
				CLANG_WARN_DIRECT_OBJC_ISA_USAGE = YES_ERROR;
				CLANG_WARN_DOCUMENTATION_COMMENTS = YES;
				CLANG_WARN_EMPTY_BODY = YES;
				CLANG_WARN_ENUM_CONVERSION = YES;
				CLANG_WARN_INFINITE_RECURSION = YES;
				CLANG_WARN_INT_CONVERSION = YES;
				CLANG_WARN_NON_LITERAL_NULL_CONVERSION = YES;
				CLANG_WARN_OBJC_LITERAL_CONVERSION = YES;
				CLANG_WARN_OBJC_ROOT_CLASS = YES_ERROR;
				CLANG_WARN_RANGE_LOOP_ANALYSIS = YES;
				CLANG_WARN_STRICT_PROTOTYPES = YES;
				CLANG_WARN_SUSPICIOUS_MOVE = YES;
				CLANG_WARN_UNGUARDED_AVAILABILITY = YES_AGGRESSIVE;
				CLANG_WARN_UNREACHABLE_CODE = YES;
				CLANG_WARN__DUPLICATE_METHOD_MATCH = YES;
				CODE_SIGN_IDENTITY = "iPhone Developer";
				COPY_PHASE_STRIP = NO;
				DEBUG_INFORMATION_FORMAT = "dwarf-with-dsym";
				ENABLE_NS_ASSERTIONS = NO;
				ENABLE_STRICT_OBJC_MSGSEND = YES;
				GCC_C_LANGUAGE_STANDARD = gnu11;
				GCC_NO_COMMON_BLOCKS = YES;
				GCC_WARN_64_TO_32_BIT_CONVERSION = YES;
				GCC_WARN_ABOUT_RETURN_TYPE = YES_ERROR;
				GCC_WARN_UNDECLARED_SELECTOR = YES;
				GCC_WARN_UNINITIALIZED_AUTOS = YES_AGGRESSIVE;
				GCC_WARN_UNUSED_FUNCTION = YES;
				GCC_WARN_UNUSED_VARIABLE = YES;
				IPHONEOS_DEPLOYMENT_TARGET = 11.1;
				MTL_ENABLE_DEBUG_INFO = NO;
				SDKROOT = iphoneos;
				VALIDATE_PRODUCT = YES;
			};
			name = Release;
		};
		1CC8FD5B1FB10887006F9106 /* Debug */ = {
			isa = XCBuildConfiguration;
			buildSettings = {
				ASSETCATALOG_COMPILER_APPICON_NAME = AppIcon;
				"CODE_SIGN_IDENTITY[sdk=iphoneos*]" = "iPhone Developer";
				CODE_SIGN_STYLE = Automatic;
				DEVELOPMENT_TEAM = MA9QAD379D;
				INFOPLIST_FILE = el16wy/Info.plist;
				IPHONEOS_DEPLOYMENT_TARGET = 10.0;
				LD_RUNPATH_SEARCH_PATHS = "$(inherited) @executable_path/Frameworks";
				PRODUCT_BUNDLE_IDENTIFIER = uk.ac.leeds.el16wy;
				PRODUCT_NAME = "$(TARGET_NAME)";
				PROVISIONING_PROFILE_SPECIFIER = "";
				TARGETED_DEVICE_FAMILY = 1;
			};
			name = Debug;
		};
		1CC8FD5C1FB10887006F9106 /* Release */ = {
			isa = XCBuildConfiguration;
			buildSettings = {
				ASSETCATALOG_COMPILER_APPICON_NAME = AppIcon;
				"CODE_SIGN_IDENTITY[sdk=iphoneos*]" = "iPhone Developer";
				CODE_SIGN_STYLE = Automatic;
				DEVELOPMENT_TEAM = MA9QAD379D;
				INFOPLIST_FILE = el16wy/Info.plist;
				IPHONEOS_DEPLOYMENT_TARGET = 10.0;
				LD_RUNPATH_SEARCH_PATHS = "$(inherited) @executable_path/Frameworks";
				PRODUCT_BUNDLE_IDENTIFIER = uk.ac.leeds.el16wy;
				PRODUCT_NAME = "$(TARGET_NAME)";
				PROVISIONING_PROFILE_SPECIFIER = "";
				TARGETED_DEVICE_FAMILY = 1;
			};
			name = Release;
		};
		1CC8FD5E1FB10887006F9106 /* Debug */ = {
			isa = XCBuildConfiguration;
			buildSettings = {
				BUNDLE_LOADER = "$(TEST_HOST)";
				CODE_SIGN_STYLE = Automatic;
				INFOPLIST_FILE = el16wyTests/Info.plist;
				LD_RUNPATH_SEARCH_PATHS = "$(inherited) @executable_path/Frameworks @loader_path/Frameworks";
				PRODUCT_BUNDLE_IDENTIFIER = uk.ac.leeds.el16wyTests;
				PRODUCT_NAME = "$(TARGET_NAME)";
				TARGETED_DEVICE_FAMILY = "1,2";
				TEST_HOST = "$(BUILT_PRODUCTS_DIR)/el16wy.app/el16wy";
			};
			name = Debug;
		};
		1CC8FD5F1FB10887006F9106 /* Release */ = {
			isa = XCBuildConfiguration;
			buildSettings = {
				BUNDLE_LOADER = "$(TEST_HOST)";
				CODE_SIGN_STYLE = Automatic;
				INFOPLIST_FILE = el16wyTests/Info.plist;
				LD_RUNPATH_SEARCH_PATHS = "$(inherited) @executable_path/Frameworks @loader_path/Frameworks";
				PRODUCT_BUNDLE_IDENTIFIER = uk.ac.leeds.el16wyTests;
				PRODUCT_NAME = "$(TARGET_NAME)";
				TARGETED_DEVICE_FAMILY = "1,2";
				TEST_HOST = "$(BUILT_PRODUCTS_DIR)/el16wy.app/el16wy";
			};
			name = Release;
		};
		1CC8FD611FB10887006F9106 /* Debug */ = {
			isa = XCBuildConfiguration;
			buildSettings = {
				CODE_SIGN_STYLE = Automatic;
				INFOPLIST_FILE = el16wyUITests/Info.plist;
				LD_RUNPATH_SEARCH_PATHS = "$(inherited) @executable_path/Frameworks @loader_path/Frameworks";
				PRODUCT_BUNDLE_IDENTIFIER = uk.ac.leeds.el16wyUITests;
				PRODUCT_NAME = "$(TARGET_NAME)";
				TARGETED_DEVICE_FAMILY = "1,2";
				TEST_TARGET_NAME = el16wy;
			};
			name = Debug;
		};
		1CC8FD621FB10887006F9106 /* Release */ = {
			isa = XCBuildConfiguration;
			buildSettings = {
				CODE_SIGN_STYLE = Automatic;
				INFOPLIST_FILE = el16wyUITests/Info.plist;
				LD_RUNPATH_SEARCH_PATHS = "$(inherited) @executable_path/Frameworks @loader_path/Frameworks";
				PRODUCT_BUNDLE_IDENTIFIER = uk.ac.leeds.el16wyUITests;
				PRODUCT_NAME = "$(TARGET_NAME)";
				TARGETED_DEVICE_FAMILY = "1,2";
				TEST_TARGET_NAME = el16wy;
			};
			name = Release;
		};
/* End XCBuildConfiguration section */

/* Begin XCConfigurationList section */
		1CC8FD291FB10887006F9106 /* Build configuration list for PBXProject "el16wy" */ = {
			isa = XCConfigurationList;
			buildConfigurations = (
				1CC8FD581FB10887006F9106 /* Debug */,
				1CC8FD591FB10887006F9106 /* Release */,
			);
			defaultConfigurationIsVisible = 0;
			defaultConfigurationName = Release;
		};
		1CC8FD5A1FB10887006F9106 /* Build configuration list for PBXNativeTarget "el16wy" */ = {
			isa = XCConfigurationList;
			buildConfigurations = (
				1CC8FD5B1FB10887006F9106 /* Debug */,
				1CC8FD5C1FB10887006F9106 /* Release */,
			);
			defaultConfigurationIsVisible = 0;
			defaultConfigurationName = Release;
		};
		1CC8FD5D1FB10887006F9106 /* Build configuration list for PBXNativeTarget "el16wyTests" */ = {
			isa = XCConfigurationList;
			buildConfigurations = (
				1CC8FD5E1FB10887006F9106 /* Debug */,
				1CC8FD5F1FB10887006F9106 /* Release */,
			);
			defaultConfigurationIsVisible = 0;
			defaultConfigurationName = Release;
		};
		1CC8FD601FB10887006F9106 /* Build configuration list for PBXNativeTarget "el16wyUITests" */ = {
			isa = XCConfigurationList;
			buildConfigurations = (
				1CC8FD611FB10887006F9106 /* Debug */,
				1CC8FD621FB10887006F9106 /* Release */,
			);
			defaultConfigurationIsVisible = 0;
			defaultConfigurationName = Release;
		};
/* End XCConfigurationList section */
	};
	rootObject = 1CC8FD261FB10887006F9106 /* Project object */;
}
